
Microsoft Visual Studio Solution File, Format Version 12.00
# Visual Studio Version 17
VisualStudioVersion = 17.11.35222.181
MinimumVisualStudioVersion = 10.0.40219.1
Project("{FAE04EC0-301F-11D3-BF4B-00C04F79EFBC}") = "Garage2.0", "Garage2.0\Garage2.0.csproj", "{7A9C52FC-B2F1-4AC9-91E5-325A193E3F77}"
EndProject
Global
	GlobalSection(SolutionConfigurationPlatforms) = preSolution
		Debug|Any CPU = Debug|Any CPU
		Release|Any CPU = Release|Any CPU
	EndGlobalSection
	GlobalSection(ProjectConfigurationPlatforms) = postSolution
		{7A9C52FC-B2F1-4AC9-91E5-325A193E3F77}.Debug|Any CPU.ActiveCfg = Debug|Any CPU
		{7A9C52FC-B2F1-4AC9-91E5-325A193E3F77}.Debug|Any CPU.Build.0 = Debug|Any CPU
		{7A9C52FC-B2F1-4AC9-91E5-325A193E3F77}.Release|Any CPU.ActiveCfg = Release|Any CPU
		{7A9C52FC-B2F1-4AC9-91E5-325A193E3F77}.Release|Any CPU.Build.0 = Release|Any CPU
	EndGlobalSection
	GlobalSection(SolutionProperties) = preSolution
		HideSolutionNode = FALSE
	EndGlobalSection
	GlobalSection(ExtensibilityGlobals) = postSolution
		SolutionGuid = {6533AA34-FE33-4194-9C83-3F1B21C4948C}
	EndGlobalSection
EndGlobal
